
Microsoft Visual Studio Solution File, Format Version 10.00
# Visual C# Express 2008
Project("{FAE04EC0-301F-11D3-BF4B-00C04F79EFBC}") = "FrbaCommerce", "FrbaCommerce\FrbaCommerce.csproj", "{9F87DEAA-7E5A-4897-BB78-E15F28C4FAE6}"
EndProject
Project("{FAE04EC0-301F-11D3-BF4B-00C04F79EFBC}") = "Utiles", "Utiles\Utiles.csproj", "{8D5A5C75-FDF3-44D4-AEC7-F0606380D48A}"
EndProject
Global
	GlobalSection(SolutionConfigurationPlatforms) = preSolution
		Debug|Any CPU = Debug|Any CPU
		Release|Any CPU = Release|Any CPU
	EndGlobalSection
	GlobalSection(ProjectConfigurationPlatforms) = postSolution
		{9F87DEAA-7E5A-4897-BB78-E15F28C4FAE6}.Debug|Any CPU.ActiveCfg = Debug|Any CPU
		{9F87DEAA-7E5A-4897-BB78-E15F28C4FAE6}.Debug|Any CPU.Build.0 = Debug|Any CPU
		{9F87DEAA-7E5A-4897-BB78-E15F28C4FAE6}.Release|Any CPU.ActiveCfg = Release|Any CPU
		{9F87DEAA-7E5A-4897-BB78-E15F28C4FAE6}.Release|Any CPU.Build.0 = Release|Any CPU
		{8D5A5C75-FDF3-44D4-AEC7-F0606380D48A}.Debug|Any CPU.ActiveCfg = Debug|Any CPU
		{8D5A5C75-FDF3-44D4-AEC7-F0606380D48A}.Debug|Any CPU.Build.0 = Debug|Any CPU
		{8D5A5C75-FDF3-44D4-AEC7-F0606380D48A}.Release|Any CPU.ActiveCfg = Release|Any CPU
		{8D5A5C75-FDF3-44D4-AEC7-F0606380D48A}.Release|Any CPU.Build.0 = Release|Any CPU
	EndGlobalSection
	GlobalSection(SolutionProperties) = preSolution
		HideSolutionNode = FALSE
	EndGlobalSection
EndGlobal
